
Microsoft Visual Studio Solution File, Format Version 12.00
# Visual Studio Version 17
VisualStudioVersion = 17.7.34018.315
MinimumVisualStudioVersion = 10.0.40219.1
Project("{FAE04EC0-301F-11D3-BF4B-00C04F79EFBC}") = "APIConsume", "APIConsume.csproj", "{0C1EE1F6-1D2A-4D8C-A277-760DC81AD16C}"
EndProject
Global
	GlobalSection(SolutionConfigurationPlatforms) = preSolution
		Debug|Any CPU = Debug|Any CPU
		Release|Any CPU = Release|Any CPU
	EndGlobalSection
	GlobalSection(ProjectConfigurationPlatforms) = postSolution
		{0C1EE1F6-1D2A-4D8C-A277-760DC81AD16C}.Debug|Any CPU.ActiveCfg = Debug|Any CPU
		{0C1EE1F6-1D2A-4D8C-A277-760DC81AD16C}.Debug|Any CPU.Build.0 = Debug|Any CPU
		{0C1EE1F6-1D2A-4D8C-A277-760DC81AD16C}.Release|Any CPU.ActiveCfg = Release|Any CPU
		{0C1EE1F6-1D2A-4D8C-A277-760DC81AD16C}.Release|Any CPU.Build.0 = Release|Any CPU
	EndGlobalSection
	GlobalSection(SolutionProperties) = preSolution
		HideSolutionNode = FALSE
	EndGlobalSection
	GlobalSection(ExtensibilityGlobals) = postSolution
		SolutionGuid = {C28711A7-2631-48D5-B037-A00D23A3A160}
	EndGlobalSection
EndGlobal
